
Microsoft Visual Studio Solution File, Format Version 12.00
# Visual Studio Version 17
VisualStudioVersion = 17.1.32210.238
MinimumVisualStudioVersion = 10.0.40219.1
Project("{FAE04EC0-301F-11D3-BF4B-00C04F79EFBC}") = "TD3", "TD3\TD3.csproj", "{66980E6C-DCF3-40B3-9BFE-E2C013190F4C}"
EndProject
Global
	GlobalSection(SolutionConfigurationPlatforms) = preSolution
		Debug|Any CPU = Debug|Any CPU
		Release|Any CPU = Release|Any CPU
	EndGlobalSection
	GlobalSection(ProjectConfigurationPlatforms) = postSolution
		{66980E6C-DCF3-40B3-9BFE-E2C013190F4C}.Debug|Any CPU.ActiveCfg = Debug|Any CPU
		{66980E6C-DCF3-40B3-9BFE-E2C013190F4C}.Debug|Any CPU.Build.0 = Debug|Any CPU
		{66980E6C-DCF3-40B3-9BFE-E2C013190F4C}.Release|Any CPU.ActiveCfg = Release|Any CPU
		{66980E6C-DCF3-40B3-9BFE-E2C013190F4C}.Release|Any CPU.Build.0 = Release|Any CPU
	EndGlobalSection
	GlobalSection(SolutionProperties) = preSolution
		HideSolutionNode = FALSE
	EndGlobalSection
	GlobalSection(ExtensibilityGlobals) = postSolution
		SolutionGuid = {0A043EA9-4C5B-46EC-A8E4-65669C9334EB}
	EndGlobalSection
EndGlobal
